
Microsoft Visual Studio Solution File, Format Version 12.00
# Visual Studio Version 16
VisualStudioVersion = 16.0.30907.101
MinimumVisualStudioVersion = 10.0.40219.1
Project("{FAE04EC0-301F-11D3-BF4B-00C04F79EFBC}") = "cargo_price_calc", "cargo_price_calc\cargo_price_calc.csproj", "{B201F745-3628-4DA5-8B56-82DFBF8E0D2D}"
EndProject
Global
	GlobalSection(SolutionConfigurationPlatforms) = preSolution
		Debug|Any CPU = Debug|Any CPU
		Release|Any CPU = Release|Any CPU
	EndGlobalSection
	GlobalSection(ProjectConfigurationPlatforms) = postSolution
		{B201F745-3628-4DA5-8B56-82DFBF8E0D2D}.Debug|Any CPU.ActiveCfg = Debug|Any CPU
		{B201F745-3628-4DA5-8B56-82DFBF8E0D2D}.Debug|Any CPU.Build.0 = Debug|Any CPU
		{B201F745-3628-4DA5-8B56-82DFBF8E0D2D}.Release|Any CPU.ActiveCfg = Release|Any CPU
		{B201F745-3628-4DA5-8B56-82DFBF8E0D2D}.Release|Any CPU.Build.0 = Release|Any CPU
	EndGlobalSection
	GlobalSection(SolutionProperties) = preSolution
		HideSolutionNode = FALSE
	EndGlobalSection
	GlobalSection(ExtensibilityGlobals) = postSolution
		SolutionGuid = {292D55C0-78D2-4A7D-8AF6-AFBF5898B808}
	EndGlobalSection
EndGlobal
